// !$*UTF8*$!
{
	archiveVersion = 1;
	classes = {
	};
	objectVersion = 55;
	objects = {

/* Begin PBXBuildFile section */
		DE1564182849320300C1B507 /* AppDelegate.swift in Sources */ = {isa = PBXBuildFile; fileRef = DE1564172849320300C1B507 /* AppDelegate.swift */; };
		DE15641A2849320300C1B507 /* SceneDelegate.swift in Sources */ = {isa = PBXBuildFile; fileRef = DE1564192849320300C1B507 /* SceneDelegate.swift */; };
		DE15641C2849320300C1B507 /* ViewController.swift in Sources */ = {isa = PBXBuildFile; fileRef = DE15641B2849320300C1B507 /* ViewController.swift */; };
		DE15641F2849320300C1B507 /* Main.storyboard in Resources */ = {isa = PBXBuildFile; fileRef = DE15641D2849320300C1B507 /* Main.storyboard */; };
		DE1564212849320500C1B507 /* Assets.xcassets in Resources */ = {isa = PBXBuildFile; fileRef = DE1564202849320500C1B507 /* Assets.xcassets */; };
		DE1564242849320500C1B507 /* LaunchScreen.storyboard in Resources */ = {isa = PBXBuildFile; fileRef = DE1564222849320500C1B507 /* LaunchScreen.storyboard */; };
		DE1564322849335E00C1B507 /* Article.swift in Sources */ = {isa = PBXBuildFile; fileRef = DE1564312849335E00C1B507 /* Article.swift */; };
		DE1564352849341300C1B507 /* Webservice.swift in Sources */ = {isa = PBXBuildFile; fileRef = DE1564342849341300C1B507 /* Webservice.swift */; };
		DE1564372849375700C1B507 /* ArticleViewModel.swift in Sources */ = {isa = PBXBuildFile; fileRef = DE1564362849375700C1B507 /* ArticleViewModel.swift */; };
		DE15643A28493AC300C1B507 /* ArticleTableViewCell.swift in Sources */ = {isa = PBXBuildFile; fileRef = DE15643928493AC300C1B507 /* ArticleTableViewCell.swift */; };
/* End PBXBuildFile section */

/* Begin PBXFileReference section */
		DE1564142849320300C1B507 /* Breaking News.app */ = {isa = PBXFileReference; explicitFileType = wrapper.application; includeInIndex = 0; path = "Breaking News.app"; sourceTree = BUILT_PRODUCTS_DIR; };
		DE1564172849320300C1B507 /* AppDelegate.swift */ = {isa = PBXFileReference; lastKnownFileType = sourcecode.swift; path = AppDelegate.swift; sourceTree = "<group>"; };
		DE1564192849320300C1B507 /* SceneDelegate.swift */ = {isa = PBXFileReference; lastKnownFileType = sourcecode.swift; path = SceneDelegate.swift; sourceTree = "<group>"; };
		DE15641B2849320300C1B507 /* ViewController.swift */ = {isa = PBXFileReference; lastKnownFileType = sourcecode.swift; path = ViewController.swift; sourceTree = "<group>"; };
		DE15641E2849320300C1B507 /* Base */ = {isa = PBXFileReference; lastKnownFileType = file.storyboard; name = Base; path = Base.lproj/Main.storyboard; sourceTree = "<group>"; };
		DE1564202849320500C1B507 /* Assets.xcassets */ = {isa = PBXFileReference; lastKnownFileType = folder.assetcatalog; path = Assets.xcassets; sourceTree = "<group>"; };
		DE1564232849320500C1B507 /* Base */ = {isa = PBXFileReference; lastKnownFileType = file.storyboard; name = Base; path = Base.lproj/LaunchScreen.storyboard; sourceTree = "<group>"; };
		DE1564252849320500C1B507 /* Info.plist */ = {isa = PBXFileReference; lastKnownFileType = text.plist.xml; path = Info.plist; sourceTree = "<group>"; };
		DE1564312849335E00C1B507 /* Article.swift */ = {isa = PBXFileReference; lastKnownFileType = sourcecode.swift; path = Article.swift; sourceTree = "<group>"; };
		DE1564342849341300C1B507 /* Webservice.swift */ = {isa = PBXFileReference; lastKnownFileType = sourcecode.swift; path = Webservice.swift; sourceTree = "<group>"; };
		DE1564362849375700C1B507 /* ArticleViewModel.swift */ = {isa = PBXFileReference; lastKnownFileType = sourcecode.swift; path = ArticleViewModel.swift; sourceTree = "<group>"; };
		DE15643928493AC300C1B507 /* ArticleTableViewCell.swift */ = {isa = PBXFileReference; lastKnownFileType = sourcecode.swift; path = ArticleTableViewCell.swift; sourceTree = "<group>"; };
/* End PBXFileReference section */

/* Begin PBXFrameworksBuildPhase section */
		DE1564112849320300C1B507 /* Frameworks */ = {
			isa = PBXFrameworksBuildPhase;
			buildActionMask = 2147483647;
			files = (
			);
			runOnlyForDeploymentPostprocessing = 0;
		};
/* End PBXFrameworksBuildPhase section */

/* Begin PBXGroup section */
		DE15640B2849320300C1B507 = {
			isa = PBXGroup;
			children = (
				DE1564162849320300C1B507 /* Breaking News */,
				DE1564152849320300C1B507 /* Products */,
			);
			sourceTree = "<group>";
		};
		DE1564152849320300C1B507 /* Products */ = {
			isa = PBXGroup;
			children = (
				DE1564142849320300C1B507 /* Breaking News.app */,
			);
			name = Products;
			sourceTree = "<group>";
		};
		DE1564162849320300C1B507 /* Breaking News */ = {
			isa = PBXGroup;
			children = (
				DE15643828493AAC00C1B507 /* Cell */,
				DE1564332849340000C1B507 /* Service */,
				DE1564302849324000C1B507 /* View */,
				DE15642F2849323700C1B507 /* ViewModel */,
				DE15642E2849323400C1B507 /* Model */,
				DE15642D2849322F00C1B507 /* Storyboard */,
				DE15642C2849322A00C1B507 /* Utilities */,
				DE15642B2849321F00C1B507 /* Resources */,
			);
			path = "Breaking News";
			sourceTree = "<group>";
		};
		DE15642B2849321F00C1B507 /* Resources */ = {
			isa = PBXGroup;
			children = (
				DE1564202849320500C1B507 /* Assets.xcassets */,
				DE1564252849320500C1B507 /* Info.plist */,
			);
			path = Resources;
			sourceTree = "<group>";
		};
		DE15642C2849322A00C1B507 /* Utilities */ = {
			isa = PBXGroup;
			children = (
				DE1564172849320300C1B507 /* AppDelegate.swift */,
				DE1564192849320300C1B507 /* SceneDelegate.swift */,
			);
			path = Utilities;
			sourceTree = "<group>";
		};
		DE15642D2849322F00C1B507 /* Storyboard */ = {
			isa = PBXGroup;
			children = (
				DE15641D2849320300C1B507 /* Main.storyboard */,
				DE1564222849320500C1B507 /* LaunchScreen.storyboard */,
			);
			path = Storyboard;
			sourceTree = "<group>";
		};
		DE15642E2849323400C1B507 /* Model */ = {
			isa = PBXGroup;
			children = (
				DE1564312849335E00C1B507 /* Article.swift */,
			);
			path = Model;
			sourceTree = "<group>";
		};
		DE15642F2849323700C1B507 /* ViewModel */ = {
			isa = PBXGroup;
			children = (
				DE1564362849375700C1B507 /* ArticleViewModel.swift */,
			);
			path = ViewModel;
			sourceTree = "<group>";
		};
		DE1564302849324000C1B507 /* View */ = {
			isa = PBXGroup;
			children = (
				DE15641B2849320300C1B507 /* ViewController.swift */,
			);
			path = View;
			sourceTree = "<group>";
		};
		DE1564332849340000C1B507 /* Service */ = {
			isa = PBXGroup;
			children = (
				DE1564342849341300C1B507 /* Webservice.swift */,
			);
			path = Service;
			sourceTree = "<group>";
		};
		DE15643828493AAC00C1B507 /* Cell */ = {
			isa = PBXGroup;
			children = (
				DE15643928493AC300C1B507 /* ArticleTableViewCell.swift */,
			);
			path = Cell;
			sourceTree = "<group>";
		};
/* End PBXGroup section */

/* Begin PBXNativeTarget section */
		DE1564132849320300C1B507 /* Breaking News */ = {
			isa = PBXNativeTarget;
			buildConfigurationList = DE1564282849320500C1B507 /* Build configuration list for PBXNativeTarget "Breaking News" */;
			buildPhases = (
				DE1564102849320300C1B507 /* Sources */,
				DE1564112849320300C1B507 /* Frameworks */,
				DE1564122849320300C1B507 /* Resources */,
			);
			buildRules = (
			);
			dependencies = (
			);
			name = "Breaking News";
			productName = "Breaking News";
			productReference = DE1564142849320300C1B507 /* Breaking News.app */;
			productType = "com.apple.product-type.application";
		};
/* End PBXNativeTarget section */

/* Begin PBXProject section */
		DE15640C2849320300C1B507 /* Project object */ = {
			isa = PBXProject;
			attributes = {
				BuildIndependentTargetsInParallel = 1;
				LastSwiftUpdateCheck = 1320;
				LastUpgradeCheck = 1320;
				TargetAttributes = {
					DE1564132849320300C1B507 = {
						CreatedOnToolsVersion = 13.2.1;
					};
				};
			};
			buildConfigurationList = DE15640F2849320300C1B507 /* Build configuration list for PBXProject "Breaking News" */;
			compatibilityVersion = "Xcode 13.0";
			developmentRegion = en;
			hasScannedForEncodings = 0;
			knownRegions = (
				en,
				Base,
			);
			mainGroup = DE15640B2849320300C1B507;
			productRefGroup = DE1564152849320300C1B507 /* Products */;
			projectDirPath = "";
			projectRoot = "";
			targets = (
				DE1564132849320300C1B507 /* Breaking News */,
			);
		};
/* End PBXProject section */

/* Begin PBXResourcesBuildPhase section */
		DE1564122849320300C1B507 /* Resources */ = {
			isa = PBXResourcesBuildPhase;
			buildActionMask = 2147483647;
			files = (
				DE1564242849320500C1B507 /* LaunchScreen.storyboard in Resources */,
				DE1564212849320500C1B507 /* Assets.xcassets in Resources */,
				DE15641F2849320300C1B507 /* Main.storyboard in Resources */,
			);
			runOnlyForDeploymentPostprocessing = 0;
		};
/* End PBXResourcesBuildPhase section */

/* Begin PBXSourcesBuildPhase section */
		DE1564102849320300C1B507 /* Sources */ = {
			isa = PBXSourcesBuildPhase;
			buildActionMask = 2147483647;
			files = (
				DE1564322849335E00C1B507 /* Article.swift in Sources */,
				DE15641C2849320300C1B507 /* ViewController.swift in Sources */,
				DE1564182849320300C1B507 /* AppDelegate.swift in Sources */,
				DE1564372849375700C1B507 /* ArticleViewModel.swift in Sources */,
				DE1564352849341300C1B507 /* Webservice.swift in Sources */,
				DE15643A28493AC300C1B507 /* ArticleTableViewCell.swift in Sources */,
				DE15641A2849320300C1B507 /* SceneDelegate.swift in Sources */,
			);
			runOnlyForDeploymentPostprocessing = 0;
		};
/* End PBXSourcesBuildPhase section */

/* Begin PBXVariantGroup section */
		DE15641D2849320300C1B507 /* Main.storyboard */ = {
			isa = PBXVariantGroup;
			children = (
				DE15641E2849320300C1B507 /* Base */,
			);
			name = Main.storyboard;
			sourceTree = "<group>";
		};
		DE1564222849320500C1B507 /* LaunchScreen.storyboard */ = {
			isa = PBXVariantGroup;
			children = (
				DE1564232849320500C1B507 /* Base */,
			);
			name = LaunchScreen.storyboard;
			sourceTree = "<group>";
		};
/* End PBXVariantGroup section */

/* Begin XCBuildConfiguration section */
		DE1564262849320500C1B507 /* Debug */ = {
			isa = XCBuildConfiguration;
			buildSettings = {
				ALWAYS_SEARCH_USER_PATHS = NO;
				CLANG_ANALYZER_NONNULL = YES;
				CLANG_ANALYZER_NUMBER_OBJECT_CONVERSION = YES_AGGRESSIVE;
				CLANG_CXX_LANGUAGE_STANDARD = "gnu++17";
				CLANG_CXX_LIBRARY = "libc++";
				CLANG_ENABLE_MODULES = YES;
				CLANG_ENABLE_OBJC_ARC = YES;
				CLANG_ENABLE_OBJC_WEAK = YES;
				CLANG_WARN_BLOCK_CAPTURE_AUTORELEASING = YES;
				CLANG_WARN_BOOL_CONVERSION = YES;
				CLANG_WARN_COMMA = YES;
				CLANG_WARN_CONSTANT_CONVERSION = YES;
				CLANG_WARN_DEPRECATED_OBJC_IMPLEMENTATIONS = YES;
				CLANG_WARN_DIRECT_OBJC_ISA_USAGE = YES_ERROR;
				CLANG_WARN_DOCUMENTATION_COMMENTS = YES;
				CLANG_WARN_EMPTY_BODY = YES;
				CLANG_WARN_ENUM_CONVERSION = YES;
				CLANG_WARN_INFINITE_RECURSION = YES;
				CLANG_WARN_INT_CONVERSION = YES;
				CLANG_WARN_NON_LITERAL_NULL_CONVERSION = YES;
				CLANG_WARN_OBJC_IMPLICIT_RETAIN_SELF = YES;
				CLANG_WARN_OBJC_LITERAL_CONVERSION = YES;
				CLANG_WARN_OBJC_ROOT_CLASS = YES_ERROR;
				CLANG_WARN_QUOTED_INCLUDE_IN_FRAMEWORK_HEADER = YES;
				CLANG_WARN_RANGE_LOOP_ANALYSIS = YES;
				CLANG_WARN_STRICT_PROTOTYPES = YES;
				CLANG_WARN_SUSPICIOUS_MOVE = YES;
				CLANG_WARN_UNGUARDED_AVAILABILITY = YES_AGGRESSIVE;
				CLANG_WARN_UNREACHABLE_CODE = YES;
				CLANG_WARN__DUPLICATE_METHOD_MATCH = YES;
				COPY_PHASE_STRIP = NO;
				DEBUG_INFORMATION_FORMAT = dwarf;
				ENABLE_STRICT_OBJC_MSGSEND = YES;
				ENABLE_TESTABILITY = YES;
				GCC_C_LANGUAGE_STANDARD = gnu11;
				GCC_DYNAMIC_NO_PIC = NO;
				GCC_NO_COMMON_BLOCKS = YES;
				GCC_OPTIMIZATION_LEVEL = 0;
				GCC_PREPROCESSOR_DEFINITIONS = (
					"DEBUG=1",
					"$(inherited)",
				);
				GCC_WARN_64_TO_32_BIT_CONVERSION = YES;
				GCC_WARN_ABOUT_RETURN_TYPE = YES_ERROR;
				GCC_WARN_UNDECLARED_SELECTOR = YES;
				GCC_WARN_UNINITIALIZED_AUTOS = YES_AGGRESSIVE;
				GCC_WARN_UNUSED_FUNCTION = YES;
				GCC_WARN_UNUSED_VARIABLE = YES;
				IPHONEOS_DEPLOYMENT_TARGET = 15.2;
				MTL_ENABLE_DEBUG_INFO = INCLUDE_SOURCE;
				MTL_FAST_MATH = YES;
				ONLY_ACTIVE_ARCH = YES;
				SDKROOT = iphoneos;
				SWIFT_ACTIVE_COMPILATION_CONDITIONS = DEBUG;
				SWIFT_OPTIMIZATION_LEVEL = "-Onone";
			};
			name = Debug;
		};
		DE1564272849320500C1B507 /* Release */ = {
			isa = XCBuildConfiguration;
			buildSettings = {
				ALWAYS_SEARCH_USER_PATHS = NO;
				CLANG_ANALYZER_NONNULL = YES;
				CLANG_ANALYZER_NUMBER_OBJECT_CONVERSION = YES_AGGRESSIVE;
				CLANG_CXX_LANGUAGE_STANDARD = "gnu++17";
				CLANG_CXX_LIBRARY = "libc++";
				CLANG_ENABLE_MODULES = YES;
				CLANG_ENABLE_OBJC_ARC = YES;
				CLANG_ENABLE_OBJC_WEAK = YES;
				CLANG_WARN_BLOCK_CAPTURE_AUTORELEASING = YES;
				CLANG_WARN_BOOL_CONVERSION = YES;
				CLANG_WARN_COMMA = YES;
				CLANG_WARN_CONSTANT_CONVERSION = YES;
				CLANG_WARN_DEPRECATED_OBJC_IMPLEMENTATIONS = YES;
				CLANG_WARN_DIRECT_OBJC_ISA_USAGE = YES_ERROR;
				CLANG_WARN_DOCUMENTATION_COMMENTS = YES;
				CLANG_WARN_EMPTY_BODY = YES;
				CLANG_WARN_ENUM_CONVERSION = YES;
				CLANG_WARN_INFINITE_RECURSION = YES;
				CLANG_WARN_INT_CONVERSION = YES;
				CLANG_WARN_NON_LITERAL_NULL_CONVERSION = YES;
				CLANG_WARN_OBJC_IMPLICIT_RETAIN_SELF = YES;
				CLANG_WARN_OBJC_LITERAL_CONVERSION = YES;
				CLANG_WARN_OBJC_ROOT_CLASS = YES_ERROR;
				CLANG_WARN_QUOTED_INCLUDE_IN_FRAMEWORK_HEADER = YES;
				CLANG_WARN_RANGE_LOOP_ANALYSIS = YES;
				CLANG_WARN_STRICT_PROTOTYPES = YES;
				CLANG_WARN_SUSPICIOUS_MOVE = YES;
				CLANG_WARN_UNGUARDED_AVAILABILITY = YES_AGGRESSIVE;
				CLANG_WARN_UNREACHABLE_CODE = YES;
				CLANG_WARN__DUPLICATE_METHOD_MATCH = YES;
				COPY_PHASE_STRIP = NO;
				DEBUG_INFORMATION_FORMAT = "dwarf-with-dsym";
				ENABLE_NS_ASSERTIONS = NO;
				ENABLE_STRICT_OBJC_MSGSEND = YES;
				GCC_C_LANGUAGE_STANDARD = gnu11;
				GCC_NO_COMMON_BLOCKS = YES;
				GCC_WARN_64_TO_32_BIT_CONVERSION = YES;
				GCC_WARN_ABOUT_RETURN_TYPE = YES_ERROR;
				GCC_WARN_UNDECLARED_SELECTOR = YES;
				GCC_WARN_UNINITIALIZED_AUTOS = YES_AGGRESSIVE;
				GCC_WARN_UNUSED_FUNCTION = YES;
				GCC_WARN_UNUSED_VARIABLE = YES;
				IPHONEOS_DEPLOYMENT_TARGET = 15.2;
				MTL_ENABLE_DEBUG_INFO = NO;
				MTL_FAST_MATH = YES;
				SDKROOT = iphoneos;
				SWIFT_COMPILATION_MODE = wholemodule;
				SWIFT_OPTIMIZATION_LEVEL = "-O";
				VALIDATE_PRODUCT = YES;
			};
			name = Release;
		};
		DE1564292849320500C1B507 /* Debug */ = {
			isa = XCBuildConfiguration;
			buildSettings = {
				ASSETCATALOG_COMPILER_APPICON_NAME = AppIcon;
				ASSETCATALOG_COMPILER_GLOBAL_ACCENT_COLOR_NAME = AccentColor;
				CODE_SIGN_STYLE = Automatic;
				CURRENT_PROJECT_VERSION = 1;
				DEVELOPMENT_TEAM = 7CRNJ953YN;
				GENERATE_INFOPLIST_FILE = YES;
				INFOPLIST_FILE = "Breaking News/Resources/Info.plist";
				INFOPLIST_KEY_UIApplicationSupportsIndirectInputEvents = YES;
				INFOPLIST_KEY_UILaunchStoryboardName = LaunchScreen;
				INFOPLIST_KEY_UIMainStoryboardFile = Main;
				INFOPLIST_KEY_UISupportedInterfaceOrientations_iPad = "UIInterfaceOrientationPortrait UIInterfaceOrientationPortraitUpsideDown UIInterfaceOrientationLandscapeLeft UIInterfaceOrientationLandscapeRight";
				INFOPLIST_KEY_UISupportedInterfaceOrientations_iPhone = "UIInterfaceOrientationPortrait UIInterfaceOrientationLandscapeLeft UIInterfaceOrientationLandscapeRight";
				LD_RUNPATH_SEARCH_PATHS = (
					"$(inherited)",
					"@executable_path/Frameworks",
				);
				MARKETING_VERSION = 1.0;
				PRODUCT_BUNDLE_IDENTIFIER = "com.omerKilicaslan.Breaking-News";
				PRODUCT_NAME = "$(TARGET_NAME)";
				SWIFT_EMIT_LOC_STRINGS = YES;
				SWIFT_VERSION = 5.0;
				TARGETED_DEVICE_FAMILY = "1,2";
			};
			name = Debug;
		};
		DE15642A2849320500C1B507 /* Release */ = {
			isa = XCBuildConfiguration;
			buildSettings = {
				ASSETCATALOG_COMPILER_APPICON_NAME = AppIcon;
				ASSETCATALOG_COMPILER_GLOBAL_ACCENT_COLOR_NAME = AccentColor;
				CODE_SIGN_STYLE = Automatic;
				CURRENT_PROJECT_VERSION = 1;
				DEVELOPMENT_TEAM = 7CRNJ953YN;
				GENERATE_INFOPLIST_FILE = YES;
				INFOPLIST_FILE = "Breaking News/Resources/Info.plist";
				INFOPLIST_KEY_UIApplicationSupportsIndirectInputEvents = YES;
				INFOPLIST_KEY_UILaunchStoryboardName = LaunchScreen;
				INFOPLIST_KEY_UIMainStoryboardFile = Main;
				INFOPLIST_KEY_UISupportedInterfaceOrientations_iPad = "UIInterfaceOrientationPortrait UIInterfaceOrientationPortraitUpsideDown UIInterfaceOrientationLandscapeLeft UIInterfaceOrientationLandscapeRight";
				INFOPLIST_KEY_UISupportedInterfaceOrientations_iPhone = "UIInterfaceOrientationPortrait UIInterfaceOrientationLandscapeLeft UIInterfaceOrientationLandscapeRight";
				LD_RUNPATH_SEARCH_PATHS = (
					"$(inherited)",
					"@executable_path/Frameworks",
				);
				MARKETING_VERSION = 1.0;
				PRODUCT_BUNDLE_IDENTIFIER = "com.omerKilicaslan.Breaking-News";
				PRODUCT_NAME = "$(TARGET_NAME)";
				SWIFT_EMIT_LOC_STRINGS = YES;
				SWIFT_VERSION = 5.0;
				TARGETED_DEVICE_FAMILY = "1,2";
			};
			name = Release;
		};
/* End XCBuildConfiguration section */

/* Begin XCConfigurationList section */
		DE15640F2849320300C1B507 /* Build configuration list for PBXProject "Breaking News" */ = {
			isa = XCConfigurationList;
			buildConfigurations = (
				DE1564262849320500C1B507 /* Debug */,
				DE1564272849320500C1B507 /* Release */,
			);
			defaultConfigurationIsVisible = 0;
			defaultConfigurationName = Release;
		};
		DE1564282849320500C1B507 /* Build configuration list for PBXNativeTarget "Breaking News" */ = {
			isa = XCConfigurationList;
			buildConfigurations = (
				DE1564292849320500C1B507 /* Debug */,
				DE15642A2849320500C1B507 /* Release */,
			);
			defaultConfigurationIsVisible = 0;
			defaultConfigurationName = Release;
		};
/* End XCConfigurationList section */
	};
	rootObject = DE15640C2849320300C1B507 /* Project object */;
}
